
Microsoft Visual Studio Solution File, Format Version 12.00
# Visual Studio Version 17
VisualStudioVersion = 17.5.002.0
MinimumVisualStudioVersion = 10.0.40219.1
Project("{9A19103F-16F7-4668-BE54-9A1E7A4F7556}") = "Par_Impar", "Par_Impar.csproj", "{B5B397A6-0C75-4D9A-ABE6-63711525E2B8}"
EndProject
Global
	GlobalSection(SolutionConfigurationPlatforms) = preSolution
		Debug|Any CPU = Debug|Any CPU
		Release|Any CPU = Release|Any CPU
	EndGlobalSection
	GlobalSection(ProjectConfigurationPlatforms) = postSolution
		{B5B397A6-0C75-4D9A-ABE6-63711525E2B8}.Debug|Any CPU.ActiveCfg = Debug|Any CPU
		{B5B397A6-0C75-4D9A-ABE6-63711525E2B8}.Debug|Any CPU.Build.0 = Debug|Any CPU
		{B5B397A6-0C75-4D9A-ABE6-63711525E2B8}.Release|Any CPU.ActiveCfg = Release|Any CPU
		{B5B397A6-0C75-4D9A-ABE6-63711525E2B8}.Release|Any CPU.Build.0 = Release|Any CPU
	EndGlobalSection
	GlobalSection(SolutionProperties) = preSolution
		HideSolutionNode = FALSE
	EndGlobalSection
	GlobalSection(ExtensibilityGlobals) = postSolution
		SolutionGuid = {1133BF6E-9581-4618-94A8-BCFF69813C22}
	EndGlobalSection
EndGlobal
