
Microsoft Visual Studio Solution File, Format Version 12.00
# Visual Studio Version 17
VisualStudioVersion = 17.5.002.0
MinimumVisualStudioVersion = 10.0.40219.1
Project("{9A19103F-16F7-4668-BE54-9A1E7A4F7556}") = "Multiplos", "Multiplos.csproj", "{164BE87A-C97B-4D5B-85D5-2238A2A0DE27}"
EndProject
Global
	GlobalSection(SolutionConfigurationPlatforms) = preSolution
		Debug|Any CPU = Debug|Any CPU
		Release|Any CPU = Release|Any CPU
	EndGlobalSection
	GlobalSection(ProjectConfigurationPlatforms) = postSolution
		{164BE87A-C97B-4D5B-85D5-2238A2A0DE27}.Debug|Any CPU.ActiveCfg = Debug|Any CPU
		{164BE87A-C97B-4D5B-85D5-2238A2A0DE27}.Debug|Any CPU.Build.0 = Debug|Any CPU
		{164BE87A-C97B-4D5B-85D5-2238A2A0DE27}.Release|Any CPU.ActiveCfg = Release|Any CPU
		{164BE87A-C97B-4D5B-85D5-2238A2A0DE27}.Release|Any CPU.Build.0 = Release|Any CPU
	EndGlobalSection
	GlobalSection(SolutionProperties) = preSolution
		HideSolutionNode = FALSE
	EndGlobalSection
	GlobalSection(ExtensibilityGlobals) = postSolution
		SolutionGuid = {64C6616B-BF8D-4D1B-861C-B73C6412F346}
	EndGlobalSection
EndGlobal
